
Microsoft Visual Studio Solution File, Format Version 12.00
# Visual Studio 15
VisualStudioVersion = 15.0.28010.2046
MinimumVisualStudioVersion = 10.0.40219.1
Project("{9A19103F-16F7-4668-BE54-9A1E7A4F7556}") = "MPW", "PT5\MPW.csproj", "{B94EC3AA-5D1D-4EE7-88D9-F8E4B0BC7F05}"
EndProject
Project("{9A19103F-16F7-4668-BE54-9A1E7A4F7556}") = "XUnitTest_Esolvit", "XUnitTest_Esolvit\XUnitTest_Esolvit.csproj", "{697DF2C6-8381-4B63-94EE-3CD4C3F9CE7F}"
EndProject
Global
	GlobalSection(SolutionConfigurationPlatforms) = preSolution
		Debug|Any CPU = Debug|Any CPU
		Release|Any CPU = Release|Any CPU
	EndGlobalSection
	GlobalSection(ProjectConfigurationPlatforms) = postSolution
		{B94EC3AA-5D1D-4EE7-88D9-F8E4B0BC7F05}.Debug|Any CPU.ActiveCfg = Debug|Any CPU
		{B94EC3AA-5D1D-4EE7-88D9-F8E4B0BC7F05}.Debug|Any CPU.Build.0 = Debug|Any CPU
		{B94EC3AA-5D1D-4EE7-88D9-F8E4B0BC7F05}.Release|Any CPU.ActiveCfg = Release|Any CPU
		{B94EC3AA-5D1D-4EE7-88D9-F8E4B0BC7F05}.Release|Any CPU.Build.0 = Release|Any CPU
		{697DF2C6-8381-4B63-94EE-3CD4C3F9CE7F}.Debug|Any CPU.ActiveCfg = Debug|Any CPU
		{697DF2C6-8381-4B63-94EE-3CD4C3F9CE7F}.Debug|Any CPU.Build.0 = Debug|Any CPU
		{697DF2C6-8381-4B63-94EE-3CD4C3F9CE7F}.Release|Any CPU.ActiveCfg = Release|Any CPU
		{697DF2C6-8381-4B63-94EE-3CD4C3F9CE7F}.Release|Any CPU.Build.0 = Release|Any CPU
	EndGlobalSection
	GlobalSection(SolutionProperties) = preSolution
		HideSolutionNode = FALSE
	EndGlobalSection
	GlobalSection(ExtensibilityGlobals) = postSolution
		SolutionGuid = {5B1FEFF4-37B6-43A7-8C56-011C4A3CD39E}
	EndGlobalSection
EndGlobal
